
Microsoft Visual Studio Solution File, Format Version 12.00
# Visual Studio 2012
Project("{FAE04EC0-301F-11D3-BF4B-00C04F79EFBC}") = "SignaRSample", "SignaRSample\SignaRSample.csproj", "{C991FC86-0D43-43E2-93B1-A39E97BA5505}"
EndProject
Global
	GlobalSection(SolutionConfigurationPlatforms) = preSolution
		Debug|Any CPU = Debug|Any CPU
		Release|Any CPU = Release|Any CPU
	EndGlobalSection
	GlobalSection(ProjectConfigurationPlatforms) = postSolution
		{C991FC86-0D43-43E2-93B1-A39E97BA5505}.Debug|Any CPU.ActiveCfg = Debug|Any CPU
		{C991FC86-0D43-43E2-93B1-A39E97BA5505}.Debug|Any CPU.Build.0 = Debug|Any CPU
		{C991FC86-0D43-43E2-93B1-A39E97BA5505}.Release|Any CPU.ActiveCfg = Release|Any CPU
		{C991FC86-0D43-43E2-93B1-A39E97BA5505}.Release|Any CPU.Build.0 = Release|Any CPU
	EndGlobalSection
EndGlobal
